
Microsoft Visual Studio Solution File, Format Version 12.00
# Visual Studio Version 17
VisualStudioVersion = 17.1.32228.430
MinimumVisualStudioVersion = 10.0.40219.1
Project("{9A19103F-16F7-4668-BE54-9A1E7A4F7556}") = "Beauty_Console", "Beauty_Console.csproj", "{FC1EFB19-763C-4F8F-BDCB-515CB2CFAA8B}"
EndProject
Global
	GlobalSection(SolutionConfigurationPlatforms) = preSolution
		Debug|Any CPU = Debug|Any CPU
		Release|Any CPU = Release|Any CPU
	EndGlobalSection
	GlobalSection(ProjectConfigurationPlatforms) = postSolution
		{FC1EFB19-763C-4F8F-BDCB-515CB2CFAA8B}.Debug|Any CPU.ActiveCfg = Debug|Any CPU
		{FC1EFB19-763C-4F8F-BDCB-515CB2CFAA8B}.Debug|Any CPU.Build.0 = Debug|Any CPU
		{FC1EFB19-763C-4F8F-BDCB-515CB2CFAA8B}.Release|Any CPU.ActiveCfg = Release|Any CPU
		{FC1EFB19-763C-4F8F-BDCB-515CB2CFAA8B}.Release|Any CPU.Build.0 = Release|Any CPU
	EndGlobalSection
	GlobalSection(SolutionProperties) = preSolution
		HideSolutionNode = FALSE
	EndGlobalSection
	GlobalSection(ExtensibilityGlobals) = postSolution
		SolutionGuid = {7A030275-1A6D-480A-B7C8-E046A93CDBE5}
	EndGlobalSection
EndGlobal
